// !$*UTF8*$!
{
	archiveVersion = 1;
	classes = {
	};
	objectVersion = 56;
	objects = {

/* Begin PBXBuildFile section */
		181CDDD82BA9FF2700E7BE4D /* FetchState.swift in Sources */ = {isa = PBXBuildFile; fileRef = 181CDDD72BA9FF2700E7BE4D /* FetchState.swift */; };
		186EEE3C2BAAD8DA007A6F5F /* APIError.swift in Sources */ = {isa = PBXBuildFile; fileRef = 186EEE3B2BAAD8DA007A6F5F /* APIError.swift */; };
		186EEE3F2BAAF72F007A6F5F /* APIService.swift in Sources */ = {isa = PBXBuildFile; fileRef = 186EEE3E2BAAF72F007A6F5F /* APIService.swift */; };
		186EEE492BAC05DD007A6F5F /* PlaceholderView.swift in Sources */ = {isa = PBXBuildFile; fileRef = 186EEE482BAC05DD007A6F5F /* PlaceholderView.swift */; };
		186EEE4B2BAC0BC4007A6F5F /* EntityType.swift in Sources */ = {isa = PBXBuildFile; fileRef = 186EEE4A2BAC0BC4007A6F5F /* EntityType.swift */; };
		186EEE512BAC817C007A6F5F /* Artists.swift in Sources */ = {isa = PBXBuildFile; fileRef = 186EEE502BAC817C007A6F5F /* Artists.swift */; };
		186EEE542BAC93E9007A6F5F /* SongsInAlbumView.swift in Sources */ = {isa = PBXBuildFile; fileRef = 186EEE532BAC93E9007A6F5F /* SongsInAlbumView.swift */; };
		186EEE562BAC953A007A6F5F /* ImageLoadingView.swift in Sources */ = {isa = PBXBuildFile; fileRef = 186EEE552BAC953A007A6F5F /* ImageLoadingView.swift */; };
		186EEE582BAC9A4D007A6F5F /* SongForAlbumViewModel.swift in Sources */ = {isa = PBXBuildFile; fileRef = 186EEE572BAC9A4D007A6F5F /* SongForAlbumViewModel.swift */; };
		186EEE612BB16A29007A6F5F /* PlayAudioView.swift in Sources */ = {isa = PBXBuildFile; fileRef = 186EEE602BB16A29007A6F5F /* PlayAudioView.swift */; };
		186EEE632BB28635007A6F5F /* PlayAudioViewModel.swift in Sources */ = {isa = PBXBuildFile; fileRef = 186EEE622BB28635007A6F5F /* PlayAudioViewModel.swift */; };
		18A906E12BA9DFA200E6AE1B /* Assets.xcassets in Resources */ = {isa = PBXBuildFile; fileRef = 18A906E02BA9DFA200E6AE1B /* Assets.xcassets */; };
		18A906E42BA9DFA200E6AE1B /* Preview Assets.xcassets in Resources */ = {isa = PBXBuildFile; fileRef = 18A906E32BA9DFA200E6AE1B /* Preview Assets.xcassets */; };
		18A906EC2BA9E33000E6AE1B /* SongResponse.swift in Sources */ = {isa = PBXBuildFile; fileRef = 18A906EB2BA9E33000E6AE1B /* SongResponse.swift */; };
		18A906EE2BA9E35900E6AE1B /* AlbumResponse.swift in Sources */ = {isa = PBXBuildFile; fileRef = 18A906ED2BA9E35900E6AE1B /* AlbumResponse.swift */; };
		18A906F32BA9E4EB00E6AE1B /* AppDelegate.swift in Sources */ = {isa = PBXBuildFile; fileRef = 18A906F22BA9E4EB00E6AE1B /* AppDelegate.swift */; };
		18A906F52BA9E53000E6AE1B /* AppCoordinator.swift in Sources */ = {isa = PBXBuildFile; fileRef = 18A906F42BA9E53000E6AE1B /* AppCoordinator.swift */; };
		18A906F92BA9EB5B00E6AE1B /* MainView.swift in Sources */ = {isa = PBXBuildFile; fileRef = 18A906F82BA9EB5B00E6AE1B /* MainView.swift */; };
		18A906FB2BA9EB7E00E6AE1B /* MainViewModel.swift in Sources */ = {isa = PBXBuildFile; fileRef = 18A906FA2BA9EB7E00E6AE1B /* MainViewModel.swift */; };
/* End PBXBuildFile section */

/* Begin PBXFileReference section */
		181CDDD72BA9FF2700E7BE4D /* FetchState.swift */ = {isa = PBXFileReference; lastKnownFileType = sourcecode.swift; path = FetchState.swift; sourceTree = "<group>"; };
		186EEE3B2BAAD8DA007A6F5F /* APIError.swift */ = {isa = PBXFileReference; lastKnownFileType = sourcecode.swift; path = APIError.swift; sourceTree = "<group>"; };
		186EEE3E2BAAF72F007A6F5F /* APIService.swift */ = {isa = PBXFileReference; lastKnownFileType = sourcecode.swift; path = APIService.swift; sourceTree = "<group>"; };
		186EEE482BAC05DD007A6F5F /* PlaceholderView.swift */ = {isa = PBXFileReference; lastKnownFileType = sourcecode.swift; path = PlaceholderView.swift; sourceTree = "<group>"; };
		186EEE4A2BAC0BC4007A6F5F /* EntityType.swift */ = {isa = PBXFileReference; lastKnownFileType = sourcecode.swift; path = EntityType.swift; sourceTree = "<group>"; };
		186EEE502BAC817C007A6F5F /* Artists.swift */ = {isa = PBXFileReference; lastKnownFileType = sourcecode.swift; path = Artists.swift; sourceTree = "<group>"; };
		186EEE532BAC93E9007A6F5F /* SongsInAlbumView.swift */ = {isa = PBXFileReference; lastKnownFileType = sourcecode.swift; path = SongsInAlbumView.swift; sourceTree = "<group>"; };
		186EEE552BAC953A007A6F5F /* ImageLoadingView.swift */ = {isa = PBXFileReference; lastKnownFileType = sourcecode.swift; path = ImageLoadingView.swift; sourceTree = "<group>"; };
		186EEE572BAC9A4D007A6F5F /* SongForAlbumViewModel.swift */ = {isa = PBXFileReference; lastKnownFileType = sourcecode.swift; path = SongForAlbumViewModel.swift; sourceTree = "<group>"; };
		186EEE602BB16A29007A6F5F /* PlayAudioView.swift */ = {isa = PBXFileReference; lastKnownFileType = sourcecode.swift; path = PlayAudioView.swift; sourceTree = "<group>"; };
		186EEE622BB28635007A6F5F /* PlayAudioViewModel.swift */ = {isa = PBXFileReference; lastKnownFileType = sourcecode.swift; path = PlayAudioViewModel.swift; sourceTree = "<group>"; };
		18A906D92BA9DF9F00E6AE1B /* MusicLibrary.app */ = {isa = PBXFileReference; explicitFileType = wrapper.application; includeInIndex = 0; path = MusicLibrary.app; sourceTree = BUILT_PRODUCTS_DIR; };
		18A906E02BA9DFA200E6AE1B /* Assets.xcassets */ = {isa = PBXFileReference; lastKnownFileType = folder.assetcatalog; path = Assets.xcassets; sourceTree = "<group>"; };
		18A906E32BA9DFA200E6AE1B /* Preview Assets.xcassets */ = {isa = PBXFileReference; lastKnownFileType = folder.assetcatalog; path = "Preview Assets.xcassets"; sourceTree = "<group>"; };
		18A906EB2BA9E33000E6AE1B /* SongResponse.swift */ = {isa = PBXFileReference; lastKnownFileType = sourcecode.swift; path = SongResponse.swift; sourceTree = "<group>"; };
		18A906ED2BA9E35900E6AE1B /* AlbumResponse.swift */ = {isa = PBXFileReference; lastKnownFileType = sourcecode.swift; path = AlbumResponse.swift; sourceTree = "<group>"; };
		18A906F22BA9E4EB00E6AE1B /* AppDelegate.swift */ = {isa = PBXFileReference; lastKnownFileType = sourcecode.swift; path = AppDelegate.swift; sourceTree = "<group>"; };
		18A906F42BA9E53000E6AE1B /* AppCoordinator.swift */ = {isa = PBXFileReference; lastKnownFileType = sourcecode.swift; path = AppCoordinator.swift; sourceTree = "<group>"; };
		18A906F82BA9EB5B00E6AE1B /* MainView.swift */ = {isa = PBXFileReference; lastKnownFileType = sourcecode.swift; path = MainView.swift; sourceTree = "<group>"; };
		18A906FA2BA9EB7E00E6AE1B /* MainViewModel.swift */ = {isa = PBXFileReference; lastKnownFileType = sourcecode.swift; path = MainViewModel.swift; sourceTree = "<group>"; };
/* End PBXFileReference section */

/* Begin PBXFrameworksBuildPhase section */
		18A906D62BA9DF9F00E6AE1B /* Frameworks */ = {
			isa = PBXFrameworksBuildPhase;
			buildActionMask = 2147483647;
			files = (
			);
			runOnlyForDeploymentPostprocessing = 0;
		};
/* End PBXFrameworksBuildPhase section */

/* Begin PBXGroup section */
		186EEE3D2BAAF721007A6F5F /* Service */ = {
			isa = PBXGroup;
			children = (
				186EEE3E2BAAF72F007A6F5F /* APIService.swift */,
			);
			path = Service;
			sourceTree = "<group>";
		};
		186EEE452BABF67B007A6F5F /*  AdditionalViews */ = {
			isa = PBXGroup;
			children = (
				186EEE482BAC05DD007A6F5F /* PlaceholderView.swift */,
			);
			path = " AdditionalViews";
			sourceTree = "<group>";
		};
		186EEE522BAC93AE007A6F5F /* Additions */ = {
			isa = PBXGroup;
			children = (
				186EEE592BAD2EC1007A6F5F /* SongsInAlbum */,
				186EEE552BAC953A007A6F5F /* ImageLoadingView.swift */,
			);
			path = Additions;
			sourceTree = "<group>";
		};
		186EEE592BAD2EC1007A6F5F /* SongsInAlbum */ = {
			isa = PBXGroup;
			children = (
				186EEE532BAC93E9007A6F5F /* SongsInAlbumView.swift */,
				186EEE572BAC9A4D007A6F5F /* SongForAlbumViewModel.swift */,
			);
			path = SongsInAlbum;
			sourceTree = "<group>";
		};
		186EEE5F2BB169FB007A6F5F /* PlayAudio */ = {
			isa = PBXGroup;
			children = (
				186EEE602BB16A29007A6F5F /* PlayAudioView.swift */,
				186EEE622BB28635007A6F5F /* PlayAudioViewModel.swift */,
			);
			path = PlayAudio;
			sourceTree = "<group>";
		};
		18A906D02BA9DF9F00E6AE1B = {
			isa = PBXGroup;
			children = (
				18A906DB2BA9DF9F00E6AE1B /* MusicLibrary */,
				18A906DA2BA9DF9F00E6AE1B /* Products */,
			);
			sourceTree = "<group>";
		};
		18A906DA2BA9DF9F00E6AE1B /* Products */ = {
			isa = PBXGroup;
			children = (
				18A906D92BA9DF9F00E6AE1B /* MusicLibrary.app */,
			);
			name = Products;
			sourceTree = "<group>";
		};
		18A906DB2BA9DF9F00E6AE1B /* MusicLibrary */ = {
			isa = PBXGroup;
			children = (
				186EEE5F2BB169FB007A6F5F /* PlayAudio */,
				186EEE452BABF67B007A6F5F /*  AdditionalViews */,
				186EEE3D2BAAF721007A6F5F /* Service */,
				18A906FC2BA9F83F00E6AE1B /* Album */,
				18A906F12BA9E48B00E6AE1B /* Application */,
				18A906EA2BA9E2C300E6AE1B /* model */,
				18A906E02BA9DFA200E6AE1B /* Assets.xcassets */,
				18A906E22BA9DFA200E6AE1B /* Preview Content */,
			);
			path = MusicLibrary;
			sourceTree = "<group>";
		};
		18A906E22BA9DFA200E6AE1B /* Preview Content */ = {
			isa = PBXGroup;
			children = (
				18A906E32BA9DFA200E6AE1B /* Preview Assets.xcassets */,
			);
			path = "Preview Content";
			sourceTree = "<group>";
		};
		18A906EA2BA9E2C300E6AE1B /* model */ = {
			isa = PBXGroup;
			children = (
				186EEE4A2BAC0BC4007A6F5F /* EntityType.swift */,
				181CDDD72BA9FF2700E7BE4D /* FetchState.swift */,
				18A906EB2BA9E33000E6AE1B /* SongResponse.swift */,
				18A906ED2BA9E35900E6AE1B /* AlbumResponse.swift */,
				186EEE3B2BAAD8DA007A6F5F /* APIError.swift */,
				186EEE502BAC817C007A6F5F /* Artists.swift */,
			);
			path = model;
			sourceTree = "<group>";
		};
		18A906F12BA9E48B00E6AE1B /* Application */ = {
			isa = PBXGroup;
			children = (
				18A906F22BA9E4EB00E6AE1B /* AppDelegate.swift */,
				18A906F42BA9E53000E6AE1B /* AppCoordinator.swift */,
			);
			path = Application;
			sourceTree = "<group>";
		};
		18A906FC2BA9F83F00E6AE1B /* Album */ = {
			isa = PBXGroup;
			children = (
				18A906F82BA9EB5B00E6AE1B /* MainView.swift */,
				18A906FA2BA9EB7E00E6AE1B /* MainViewModel.swift */,
				186EEE522BAC93AE007A6F5F /* Additions */,
			);
			path = Album;
			sourceTree = "<group>";
		};
/* End PBXGroup section */

/* Begin PBXNativeTarget section */
		18A906D82BA9DF9F00E6AE1B /* MusicLibrary */ = {
			isa = PBXNativeTarget;
			buildConfigurationList = 18A906E72BA9DFA200E6AE1B /* Build configuration list for PBXNativeTarget "MusicLibrary" */;
			buildPhases = (
				18A906D52BA9DF9F00E6AE1B /* Sources */,
				18A906D62BA9DF9F00E6AE1B /* Frameworks */,
				18A906D72BA9DF9F00E6AE1B /* Resources */,
			);
			buildRules = (
			);
			dependencies = (
			);
			name = MusicLibrary;
			productName = MusicLibrary;
			productReference = 18A906D92BA9DF9F00E6AE1B /* MusicLibrary.app */;
			productType = "com.apple.product-type.application";
		};
/* End PBXNativeTarget section */

/* Begin PBXProject section */
		18A906D12BA9DF9F00E6AE1B /* Project object */ = {
			isa = PBXProject;
			attributes = {
				BuildIndependentTargetsInParallel = 1;
				LastSwiftUpdateCheck = 1530;
				LastUpgradeCheck = 1530;
				TargetAttributes = {
					18A906D82BA9DF9F00E6AE1B = {
						CreatedOnToolsVersion = 15.3;
					};
				};
			};
			buildConfigurationList = 18A906D42BA9DF9F00E6AE1B /* Build configuration list for PBXProject "MusicLibrary" */;
			compatibilityVersion = "Xcode 14.0";
			developmentRegion = en;
			hasScannedForEncodings = 0;
			knownRegions = (
				en,
				Base,
			);
			mainGroup = 18A906D02BA9DF9F00E6AE1B;
			productRefGroup = 18A906DA2BA9DF9F00E6AE1B /* Products */;
			projectDirPath = "";
			projectRoot = "";
			targets = (
				18A906D82BA9DF9F00E6AE1B /* MusicLibrary */,
			);
		};
/* End PBXProject section */

/* Begin PBXResourcesBuildPhase section */
		18A906D72BA9DF9F00E6AE1B /* Resources */ = {
			isa = PBXResourcesBuildPhase;
			buildActionMask = 2147483647;
			files = (
				18A906E42BA9DFA200E6AE1B /* Preview Assets.xcassets in Resources */,
				18A906E12BA9DFA200E6AE1B /* Assets.xcassets in Resources */,
			);
			runOnlyForDeploymentPostprocessing = 0;
		};
/* End PBXResourcesBuildPhase section */

/* Begin PBXSourcesBuildPhase section */
		18A906D52BA9DF9F00E6AE1B /* Sources */ = {
			isa = PBXSourcesBuildPhase;
			buildActionMask = 2147483647;
			files = (
				186EEE542BAC93E9007A6F5F /* SongsInAlbumView.swift in Sources */,
				186EEE612BB16A29007A6F5F /* PlayAudioView.swift in Sources */,
				186EEE492BAC05DD007A6F5F /* PlaceholderView.swift in Sources */,
				18A906FB2BA9EB7E00E6AE1B /* MainViewModel.swift in Sources */,
				186EEE582BAC9A4D007A6F5F /* SongForAlbumViewModel.swift in Sources */,
				186EEE512BAC817C007A6F5F /* Artists.swift in Sources */,
				18A906F52BA9E53000E6AE1B /* AppCoordinator.swift in Sources */,
				18A906EE2BA9E35900E6AE1B /* AlbumResponse.swift in Sources */,
				186EEE4B2BAC0BC4007A6F5F /* EntityType.swift in Sources */,
				18A906F32BA9E4EB00E6AE1B /* AppDelegate.swift in Sources */,
				18A906F92BA9EB5B00E6AE1B /* MainView.swift in Sources */,
				186EEE3C2BAAD8DA007A6F5F /* APIError.swift in Sources */,
				181CDDD82BA9FF2700E7BE4D /* FetchState.swift in Sources */,
				186EEE3F2BAAF72F007A6F5F /* APIService.swift in Sources */,
				186EEE562BAC953A007A6F5F /* ImageLoadingView.swift in Sources */,
				18A906EC2BA9E33000E6AE1B /* SongResponse.swift in Sources */,
				186EEE632BB28635007A6F5F /* PlayAudioViewModel.swift in Sources */,
			);
			runOnlyForDeploymentPostprocessing = 0;
		};
/* End PBXSourcesBuildPhase section */

/* Begin XCBuildConfiguration section */
		18A906E52BA9DFA200E6AE1B /* Debug */ = {
			isa = XCBuildConfiguration;
			buildSettings = {
				ALWAYS_SEARCH_USER_PATHS = NO;
				ASSETCATALOG_COMPILER_GENERATE_SWIFT_ASSET_SYMBOL_EXTENSIONS = YES;
				CLANG_ANALYZER_NONNULL = YES;
				CLANG_ANALYZER_NUMBER_OBJECT_CONVERSION = YES_AGGRESSIVE;
				CLANG_CXX_LANGUAGE_STANDARD = "gnu++20";
				CLANG_ENABLE_MODULES = YES;
				CLANG_ENABLE_OBJC_ARC = YES;
				CLANG_ENABLE_OBJC_WEAK = YES;
				CLANG_WARN_BLOCK_CAPTURE_AUTORELEASING = YES;
				CLANG_WARN_BOOL_CONVERSION = YES;
				CLANG_WARN_COMMA = YES;
				CLANG_WARN_CONSTANT_CONVERSION = YES;
				CLANG_WARN_DEPRECATED_OBJC_IMPLEMENTATIONS = YES;
				CLANG_WARN_DIRECT_OBJC_ISA_USAGE = YES_ERROR;
				CLANG_WARN_DOCUMENTATION_COMMENTS = YES;
				CLANG_WARN_EMPTY_BODY = YES;
				CLANG_WARN_ENUM_CONVERSION = YES;
				CLANG_WARN_INFINITE_RECURSION = YES;
				CLANG_WARN_INT_CONVERSION = YES;
				CLANG_WARN_NON_LITERAL_NULL_CONVERSION = YES;
				CLANG_WARN_OBJC_IMPLICIT_RETAIN_SELF = YES;
				CLANG_WARN_OBJC_LITERAL_CONVERSION = YES;
				CLANG_WARN_OBJC_ROOT_CLASS = YES_ERROR;
				CLANG_WARN_QUOTED_INCLUDE_IN_FRAMEWORK_HEADER = YES;
				CLANG_WARN_RANGE_LOOP_ANALYSIS = YES;
				CLANG_WARN_STRICT_PROTOTYPES = YES;
				CLANG_WARN_SUSPICIOUS_MOVE = YES;
				CLANG_WARN_UNGUARDED_AVAILABILITY = YES_AGGRESSIVE;
				CLANG_WARN_UNREACHABLE_CODE = YES;
				CLANG_WARN__DUPLICATE_METHOD_MATCH = YES;
				COPY_PHASE_STRIP = NO;
				DEBUG_INFORMATION_FORMAT = dwarf;
				ENABLE_STRICT_OBJC_MSGSEND = YES;
				ENABLE_TESTABILITY = YES;
				ENABLE_USER_SCRIPT_SANDBOXING = YES;
				GCC_C_LANGUAGE_STANDARD = gnu17;
				GCC_DYNAMIC_NO_PIC = NO;
				GCC_NO_COMMON_BLOCKS = YES;
				GCC_OPTIMIZATION_LEVEL = 0;
				GCC_PREPROCESSOR_DEFINITIONS = (
					"DEBUG=1",
					"$(inherited)",
				);
				GCC_WARN_64_TO_32_BIT_CONVERSION = YES;
				GCC_WARN_ABOUT_RETURN_TYPE = YES_ERROR;
				GCC_WARN_UNDECLARED_SELECTOR = YES;
				GCC_WARN_UNINITIALIZED_AUTOS = YES_AGGRESSIVE;
				GCC_WARN_UNUSED_FUNCTION = YES;
				GCC_WARN_UNUSED_VARIABLE = YES;
				IPHONEOS_DEPLOYMENT_TARGET = 17.4;
				LOCALIZATION_PREFERS_STRING_CATALOGS = YES;
				MTL_ENABLE_DEBUG_INFO = INCLUDE_SOURCE;
				MTL_FAST_MATH = YES;
				ONLY_ACTIVE_ARCH = YES;
				SDKROOT = iphoneos;
				SWIFT_ACTIVE_COMPILATION_CONDITIONS = "DEBUG $(inherited)";
				SWIFT_OPTIMIZATION_LEVEL = "-Onone";
			};
			name = Debug;
		};
		18A906E62BA9DFA200E6AE1B /* Release */ = {
			isa = XCBuildConfiguration;
			buildSettings = {
				ALWAYS_SEARCH_USER_PATHS = NO;
				ASSETCATALOG_COMPILER_GENERATE_SWIFT_ASSET_SYMBOL_EXTENSIONS = YES;
				CLANG_ANALYZER_NONNULL = YES;
				CLANG_ANALYZER_NUMBER_OBJECT_CONVERSION = YES_AGGRESSIVE;
				CLANG_CXX_LANGUAGE_STANDARD = "gnu++20";
				CLANG_ENABLE_MODULES = YES;
				CLANG_ENABLE_OBJC_ARC = YES;
				CLANG_ENABLE_OBJC_WEAK = YES;
				CLANG_WARN_BLOCK_CAPTURE_AUTORELEASING = YES;
				CLANG_WARN_BOOL_CONVERSION = YES;
				CLANG_WARN_COMMA = YES;
				CLANG_WARN_CONSTANT_CONVERSION = YES;
				CLANG_WARN_DEPRECATED_OBJC_IMPLEMENTATIONS = YES;
				CLANG_WARN_DIRECT_OBJC_ISA_USAGE = YES_ERROR;
				CLANG_WARN_DOCUMENTATION_COMMENTS = YES;
				CLANG_WARN_EMPTY_BODY = YES;
				CLANG_WARN_ENUM_CONVERSION = YES;
				CLANG_WARN_INFINITE_RECURSION = YES;
				CLANG_WARN_INT_CONVERSION = YES;
				CLANG_WARN_NON_LITERAL_NULL_CONVERSION = YES;
				CLANG_WARN_OBJC_IMPLICIT_RETAIN_SELF = YES;
				CLANG_WARN_OBJC_LITERAL_CONVERSION = YES;
				CLANG_WARN_OBJC_ROOT_CLASS = YES_ERROR;
				CLANG_WARN_QUOTED_INCLUDE_IN_FRAMEWORK_HEADER = YES;
				CLANG_WARN_RANGE_LOOP_ANALYSIS = YES;
				CLANG_WARN_STRICT_PROTOTYPES = YES;
				CLANG_WARN_SUSPICIOUS_MOVE = YES;
				CLANG_WARN_UNGUARDED_AVAILABILITY = YES_AGGRESSIVE;
				CLANG_WARN_UNREACHABLE_CODE = YES;
				CLANG_WARN__DUPLICATE_METHOD_MATCH = YES;
				COPY_PHASE_STRIP = NO;
				DEBUG_INFORMATION_FORMAT = "dwarf-with-dsym";
				ENABLE_NS_ASSERTIONS = NO;
				ENABLE_STRICT_OBJC_MSGSEND = YES;
				ENABLE_USER_SCRIPT_SANDBOXING = YES;
				GCC_C_LANGUAGE_STANDARD = gnu17;
				GCC_NO_COMMON_BLOCKS = YES;
				GCC_WARN_64_TO_32_BIT_CONVERSION = YES;
				GCC_WARN_ABOUT_RETURN_TYPE = YES_ERROR;
				GCC_WARN_UNDECLARED_SELECTOR = YES;
				GCC_WARN_UNINITIALIZED_AUTOS = YES_AGGRESSIVE;
				GCC_WARN_UNUSED_FUNCTION = YES;
				GCC_WARN_UNUSED_VARIABLE = YES;
				IPHONEOS_DEPLOYMENT_TARGET = 17.4;
				LOCALIZATION_PREFERS_STRING_CATALOGS = YES;
				MTL_ENABLE_DEBUG_INFO = NO;
				MTL_FAST_MATH = YES;
				SDKROOT = iphoneos;
				SWIFT_COMPILATION_MODE = wholemodule;
				VALIDATE_PRODUCT = YES;
			};
			name = Release;
		};
		18A906E82BA9DFA200E6AE1B /* Debug */ = {
			isa = XCBuildConfiguration;
			buildSettings = {
				ASSETCATALOG_COMPILER_APPICON_NAME = AppIcon;
				ASSETCATALOG_COMPILER_GLOBAL_ACCENT_COLOR_NAME = AccentColor;
				CODE_SIGN_STYLE = Automatic;
				CURRENT_PROJECT_VERSION = 1;
				DEVELOPMENT_ASSET_PATHS = "\"MusicLibrary/Preview Content\"";
				DEVELOPMENT_TEAM = P5JPX93769;
				ENABLE_PREVIEWS = YES;
				GENERATE_INFOPLIST_FILE = YES;
				INFOPLIST_KEY_UIApplicationSupportsIndirectInputEvents = YES;
				INFOPLIST_KEY_UILaunchScreen_Generation = YES;
				INFOPLIST_KEY_UIStatusBarStyle = "";
				IPHONEOS_DEPLOYMENT_TARGET = 16.0;
				LD_RUNPATH_SEARCH_PATHS = (
					"$(inherited)",
					"@executable_path/Frameworks",
				);
				MARKETING_VERSION = 1.0;
				PRODUCT_BUNDLE_IDENTIFIER = ali.MusicLibrary;
				PRODUCT_NAME = "$(TARGET_NAME)";
				SUPPORTED_PLATFORMS = "iphoneos iphonesimulator";
				SUPPORTS_MACCATALYST = NO;
				SUPPORTS_MAC_DESIGNED_FOR_IPHONE_IPAD = NO;
				SUPPORTS_XR_DESIGNED_FOR_IPHONE_IPAD = NO;
				SWIFT_EMIT_LOC_STRINGS = YES;
				SWIFT_VERSION = 5.0;
				TARGETED_DEVICE_FAMILY = 1;
			};
			name = Debug;
		};
		18A906E92BA9DFA200E6AE1B /* Release */ = {
			isa = XCBuildConfiguration;
			buildSettings = {
				ASSETCATALOG_COMPILER_APPICON_NAME = AppIcon;
				ASSETCATALOG_COMPILER_GLOBAL_ACCENT_COLOR_NAME = AccentColor;
				CODE_SIGN_STYLE = Automatic;
				CURRENT_PROJECT_VERSION = 1;
				DEVELOPMENT_ASSET_PATHS = "\"MusicLibrary/Preview Content\"";
				DEVELOPMENT_TEAM = P5JPX93769;
				ENABLE_PREVIEWS = YES;
				GENERATE_INFOPLIST_FILE = YES;
				INFOPLIST_KEY_UIApplicationSupportsIndirectInputEvents = YES;
				INFOPLIST_KEY_UILaunchScreen_Generation = YES;
				INFOPLIST_KEY_UIStatusBarStyle = "";
				IPHONEOS_DEPLOYMENT_TARGET = 16.0;
				LD_RUNPATH_SEARCH_PATHS = (
					"$(inherited)",
					"@executable_path/Frameworks",
				);
				MARKETING_VERSION = 1.0;
				PRODUCT_BUNDLE_IDENTIFIER = ali.MusicLibrary;
				PRODUCT_NAME = "$(TARGET_NAME)";
				SUPPORTED_PLATFORMS = "iphoneos iphonesimulator";
				SUPPORTS_MACCATALYST = NO;
				SUPPORTS_MAC_DESIGNED_FOR_IPHONE_IPAD = NO;
				SUPPORTS_XR_DESIGNED_FOR_IPHONE_IPAD = NO;
				SWIFT_EMIT_LOC_STRINGS = YES;
				SWIFT_VERSION = 5.0;
				TARGETED_DEVICE_FAMILY = 1;
			};
			name = Release;
		};
/* End XCBuildConfiguration section */

/* Begin XCConfigurationList section */
		18A906D42BA9DF9F00E6AE1B /* Build configuration list for PBXProject "MusicLibrary" */ = {
			isa = XCConfigurationList;
			buildConfigurations = (
				18A906E52BA9DFA200E6AE1B /* Debug */,
				18A906E62BA9DFA200E6AE1B /* Release */,
			);
			defaultConfigurationIsVisible = 0;
			defaultConfigurationName = Release;
		};
		18A906E72BA9DFA200E6AE1B /* Build configuration list for PBXNativeTarget "MusicLibrary" */ = {
			isa = XCConfigurationList;
			buildConfigurations = (
				18A906E82BA9DFA200E6AE1B /* Debug */,
				18A906E92BA9DFA200E6AE1B /* Release */,
			);
			defaultConfigurationIsVisible = 0;
			defaultConfigurationName = Release;
		};
/* End XCConfigurationList section */
	};
	rootObject = 18A906D12BA9DF9F00E6AE1B /* Project object */;
}
